
Microsoft Visual Studio Solution File, Format Version 12.00
Project("{FAE04EC0-301F-11D3-BF4B-00C04F79EFBC}") = "LLmSeracher", "LLmSeracher\LLmSeracher.csproj", "{AC3D3770-E044-49C2-B4E7-72604C16B6AD}"
EndProject
Project("{FAE04EC0-301F-11D3-BF4B-00C04F79EFBC}") = "LLmSeracher.Core", "LLmSeracher.Core\LLmSeracher.Core.csproj", "{8FED4207-6D5B-4129-8938-4FF02D55DB6B}"
EndProject
Project("{FAE04EC0-301F-11D3-BF4B-00C04F79EFBC}") = "LLmSeracher.AgentHost", "LLmSeracher.AgentHost\LLmSeracher.AgentHost.csproj", "{846EC5BF-B76F-4322-9C7B-6DE33BFEE8F9}"
EndProject
Global
	GlobalSection(SolutionConfigurationPlatforms) = preSolution
		Debug|Any CPU = Debug|Any CPU
		Debug|x64 = Debug|x64
		Debug|x86 = Debug|x86
		Release|Any CPU = Release|Any CPU
		Release|x64 = Release|x64
		Release|x86 = Release|x86
	EndGlobalSection
	GlobalSection(ProjectConfigurationPlatforms) = postSolution
		{AC3D3770-E044-49C2-B4E7-72604C16B6AD}.Debug|Any CPU.ActiveCfg = Debug|Any CPU
		{AC3D3770-E044-49C2-B4E7-72604C16B6AD}.Debug|Any CPU.Build.0 = Debug|Any CPU
		{AC3D3770-E044-49C2-B4E7-72604C16B6AD}.Debug|x64.ActiveCfg = Debug|Any CPU
		{AC3D3770-E044-49C2-B4E7-72604C16B6AD}.Debug|x64.Build.0 = Debug|Any CPU
		{AC3D3770-E044-49C2-B4E7-72604C16B6AD}.Debug|x86.ActiveCfg = Debug|Any CPU
		{AC3D3770-E044-49C2-B4E7-72604C16B6AD}.Debug|x86.Build.0 = Debug|Any CPU
		{AC3D3770-E044-49C2-B4E7-72604C16B6AD}.Release|Any CPU.ActiveCfg = Release|Any CPU
		{AC3D3770-E044-49C2-B4E7-72604C16B6AD}.Release|Any CPU.Build.0 = Release|Any CPU
		{AC3D3770-E044-49C2-B4E7-72604C16B6AD}.Release|x64.ActiveCfg = Release|Any CPU
		{AC3D3770-E044-49C2-B4E7-72604C16B6AD}.Release|x64.Build.0 = Release|Any CPU
		{AC3D3770-E044-49C2-B4E7-72604C16B6AD}.Release|x86.ActiveCfg = Release|Any CPU
		{AC3D3770-E044-49C2-B4E7-72604C16B6AD}.Release|x86.Build.0 = Release|Any CPU
		{8FED4207-6D5B-4129-8938-4FF02D55DB6B}.Debug|Any CPU.ActiveCfg = Debug|Any CPU
		{8FED4207-6D5B-4129-8938-4FF02D55DB6B}.Debug|Any CPU.Build.0 = Debug|Any CPU
		{8FED4207-6D5B-4129-8938-4FF02D55DB6B}.Debug|x64.ActiveCfg = Debug|Any CPU
		{8FED4207-6D5B-4129-8938-4FF02D55DB6B}.Debug|x64.Build.0 = Debug|Any CPU
		{8FED4207-6D5B-4129-8938-4FF02D55DB6B}.Debug|x86.ActiveCfg = Debug|Any CPU
		{8FED4207-6D5B-4129-8938-4FF02D55DB6B}.Debug|x86.Build.0 = Debug|Any CPU
		{8FED4207-6D5B-4129-8938-4FF02D55DB6B}.Release|Any CPU.ActiveCfg = Release|Any CPU
		{8FED4207-6D5B-4129-8938-4FF02D55DB6B}.Release|Any CPU.Build.0 = Release|Any CPU
		{8FED4207-6D5B-4129-8938-4FF02D55DB6B}.Release|x64.ActiveCfg = Release|Any CPU
		{8FED4207-6D5B-4129-8938-4FF02D55DB6B}.Release|x64.Build.0 = Release|Any CPU
		{8FED4207-6D5B-4129-8938-4FF02D55DB6B}.Release|x86.ActiveCfg = Release|Any CPU
		{8FED4207-6D5B-4129-8938-4FF02D55DB6B}.Release|x86.Build.0 = Release|Any CPU
		{846EC5BF-B76F-4322-9C7B-6DE33BFEE8F9}.Debug|Any CPU.ActiveCfg = Debug|Any CPU
		{846EC5BF-B76F-4322-9C7B-6DE33BFEE8F9}.Debug|Any CPU.Build.0 = Debug|Any CPU
		{846EC5BF-B76F-4322-9C7B-6DE33BFEE8F9}.Debug|x64.ActiveCfg = Debug|Any CPU
		{846EC5BF-B76F-4322-9C7B-6DE33BFEE8F9}.Debug|x64.Build.0 = Debug|Any CPU
		{846EC5BF-B76F-4322-9C7B-6DE33BFEE8F9}.Debug|x86.ActiveCfg = Debug|Any CPU
		{846EC5BF-B76F-4322-9C7B-6DE33BFEE8F9}.Debug|x86.Build.0 = Debug|Any CPU
		{846EC5BF-B76F-4322-9C7B-6DE33BFEE8F9}.Release|Any CPU.ActiveCfg = Release|Any CPU
		{846EC5BF-B76F-4322-9C7B-6DE33BFEE8F9}.Release|Any CPU.Build.0 = Release|Any CPU
		{846EC5BF-B76F-4322-9C7B-6DE33BFEE8F9}.Release|x64.ActiveCfg = Release|Any CPU
		{846EC5BF-B76F-4322-9C7B-6DE33BFEE8F9}.Release|x64.Build.0 = Release|Any CPU
		{846EC5BF-B76F-4322-9C7B-6DE33BFEE8F9}.Release|x86.ActiveCfg = Release|Any CPU
		{846EC5BF-B76F-4322-9C7B-6DE33BFEE8F9}.Release|x86.Build.0 = Release|Any CPU
	EndGlobalSection
	GlobalSection(SolutionProperties) = preSolution
		HideSolutionNode = FALSE
	EndGlobalSection
EndGlobal
